
Microsoft Visual Studio Solution File, Format Version 12.00
# Visual Studio Version 17
VisualStudioVersion = 17.2.32516.85
MinimumVisualStudioVersion = 10.0.40219.1
Project("{FAE04EC0-301F-11D3-BF4B-00C04F79EFBC}") = "TestWebApi", "TestWebApi\TestWebApi.csproj", "{670D7BD3-64B9-4BF4-B566-3478A1A2207B}"
EndProject
Global
	GlobalSection(SolutionConfigurationPlatforms) = preSolution
		Debug|Any CPU = Debug|Any CPU
		Release|Any CPU = Release|Any CPU
	EndGlobalSection
	GlobalSection(ProjectConfigurationPlatforms) = postSolution
		{670D7BD3-64B9-4BF4-B566-3478A1A2207B}.Debug|Any CPU.ActiveCfg = Debug|Any CPU
		{670D7BD3-64B9-4BF4-B566-3478A1A2207B}.Debug|Any CPU.Build.0 = Debug|Any CPU
		{670D7BD3-64B9-4BF4-B566-3478A1A2207B}.Release|Any CPU.ActiveCfg = Release|Any CPU
		{670D7BD3-64B9-4BF4-B566-3478A1A2207B}.Release|Any CPU.Build.0 = Release|Any CPU
	EndGlobalSection
	GlobalSection(SolutionProperties) = preSolution
		HideSolutionNode = FALSE
	EndGlobalSection
	GlobalSection(ExtensibilityGlobals) = postSolution
		SolutionGuid = {44ED5C99-31C0-422B-94D7-5D94EAD18407}
	EndGlobalSection
EndGlobal
